{
  "version": 4,
  "terraform_version": "1.7.4",
  "serial": 18,
  "lineage": "761e083c-7acc-57d8-de54-00b8eba4ca48",
  "outputs": {},
  "resources": [
    {
      "mode": "managed",
      "type": "google_cloudbuild_trigger",
      "name": "default",
      "provider": "provider[\"registry.terraform.io/hashicorp/google\"]",
      "instances": [
        {
          "schema_version": 2,
          "attributes": {
            "approval_config": [
              {
                "approval_required": false
              }
            ],
            "bitbucket_server_trigger_config": [],
            "build": [
              {
                "artifacts": [],
                "available_secrets": [],
                "images": [
                  "europe-west1-docker.pkg.dev/$PROJECT_ID/cloud-run-source-deploy/portfolio-app:latest"
                ],
                "logs_bucket": "",
                "options": [],
                "queue_ttl": "",
                "secret": [],
                "source": [],
                "step": [
                  {
                    "allow_exit_codes": [],
                    "allow_failure": false,
                    "args": [
                      "build",
                      "-t",
                      "europe-west1-docker.pkg.dev/$PROJECT_ID/cloud-run-source-deploy/portfolio-app:latest",
                      ".",
                      "--file",
                      "Dockerfile"
                    ],
                    "dir": "apps-portfolio",
                    "entrypoint": "",
                    "env": [],
                    "id": "Build",
                    "name": "gcr.io/cloud-builders/docker",
                    "script": "",
                    "secret_env": [],
                    "timeout": "",
                    "timing": "",
                    "volumes": [],
                    "wait_for": []
                  },
                  {
                    "allow_exit_codes": [],
                    "allow_failure": false,
                    "args": [
                      "push",
                      "europe-west1-docker.pkg.dev/$PROJECT_ID/cloud-run-source-deploy/portfolio-app:latest"
                    ],
                    "dir": "",
                    "entrypoint": "",
                    "env": [],
                    "id": "Push",
                    "name": "gcr.io/cloud-builders/docker",
                    "script": "",
                    "secret_env": [],
                    "timeout": "",
                    "timing": "",
                    "volumes": [],
                    "wait_for": [
                      "Build"
                    ]
                  },
                  {
                    "allow_exit_codes": [],
                    "allow_failure": false,
                    "args": [
                      "run",
                      "deploy",
                      "portfolio-app",
                      "--image=europe-west1-docker.pkg.dev/$PROJECT_ID/cloud-run-source-deploy/portfolio-app:latest",
                      "--region=europe-west1",
                      "--platform=managed",
                      "--allow-unauthenticated",
                      "--quiet"
                    ],
                    "dir": "",
                    "entrypoint": "gcloud",
                    "env": [],
                    "id": "Deploy",
                    "name": "gcr.io/google.com/cloudsdktool/cloud-sdk",
                    "script": "",
                    "secret_env": [],
                    "timeout": "",
                    "timing": "",
                    "volumes": [],
                    "wait_for": [
                      "Push"
                    ]
                  }
                ],
                "substitutions": {},
                "tags": [],
                "timeout": "1200s"
              }
            ],
            "create_time": "2025-06-12T07:04:42.660464079Z",
            "description": "[Created with 🌍 Terraform] Continuous integration for the main branch",
            "disabled": false,
            "filename": "",
            "filter": "",
            "git_file_source": [],
            "github": [
              {
                "enterprise_config_resource_name": "",
                "name": "vibecoding",
                "owner": "palladius",
                "pull_request": [],
                "push": [
                  {
                    "branch": "^main$",
                    "invert_regex": false,
                    "tag": ""
                  }
                ]
              }
            ],
            "id": "projects/palladius-genai/triggers/b22750c0-117d-4418-95db-2c06e0b079d8",
            "ignored_files": [],
            "include_build_logs": "",
            "included_files": [],
            "location": "global",
            "name": "tf-portfolio-app-main",
            "project": "palladius-genai",
            "pubsub_config": [],
            "repository_event_config": [],
            "service_account": "",
            "source_to_build": [],
            "substitutions": {},
            "tags": [],
            "timeouts": null,
            "trigger_id": "b22750c0-117d-4418-95db-2c06e0b079d8",
            "trigger_template": [],
            "webhook_config": []
          },
          "sensitive_attributes": [],
          "private": "eyJlMmJmYjczMC1lY2FhLTExZTYtOGY4OC0zNDM2M2JjN2M0YzAiOnsiY3JlYXRlIjoxMjAwMDAwMDAwMDAwLCJkZWxldGUiOjEyMDAwMDAwMDAwMDAsInVwZGF0ZSI6MTIwMDAwMDAwMDAwMH0sInNjaGVtYV92ZXJzaW9uIjoiMiJ9"
        }
      ]
    }
  ],
  "check_results": null
}
